
Microsoft Visual Studio Solution File, Format Version 12.00
# Visual Studio 2017
Project("{FAE04EC0-301F-11D3-BF4B-00C04F79EFBC}") = "AStar_Misc", "AStar_Misc.csproj", "{35480F4D-6FCC-1A58-6085-A63FBCCED4CE}"
EndProject
Project("{FAE04EC0-301F-11D3-BF4B-00C04F79EFBC}") = "AStar_Misc.Plugins", "AStar_Misc.Plugins.csproj", "{1D5702CF-3683-CA13-0C44-1383F7C40984}"
EndProject
Project("{FAE04EC0-301F-11D3-BF4B-00C04F79EFBC}") = "AStar_Misc.Editor", "AStar_Misc.Editor.csproj", "{3A503D2B-CC81-8169-407B-ADB31A63F405}"
EndProject
Global
	GlobalSection(SolutionConfigurationPlatforms) = preSolution
		Debug|Any CPU = Debug|Any CPU
		Release|Any CPU = Release|Any CPU
	EndGlobalSection
	GlobalSection(ProjectConfigurationPlatforms) = postSolution
		{35480F4D-6FCC-1A58-6085-A63FBCCED4CE}.Debug|Any CPU.ActiveCfg = Debug|Any CPU
		{35480F4D-6FCC-1A58-6085-A63FBCCED4CE}.Debug|Any CPU.Build.0 = Debug|Any CPU
		{35480F4D-6FCC-1A58-6085-A63FBCCED4CE}.Release|Any CPU.ActiveCfg = Release|Any CPU
		{35480F4D-6FCC-1A58-6085-A63FBCCED4CE}.Release|Any CPU.Build.0 = Release|Any CPU
		{1D5702CF-3683-CA13-0C44-1383F7C40984}.Debug|Any CPU.ActiveCfg = Debug|Any CPU
		{1D5702CF-3683-CA13-0C44-1383F7C40984}.Debug|Any CPU.Build.0 = Debug|Any CPU
		{1D5702CF-3683-CA13-0C44-1383F7C40984}.Release|Any CPU.ActiveCfg = Release|Any CPU
		{1D5702CF-3683-CA13-0C44-1383F7C40984}.Release|Any CPU.Build.0 = Release|Any CPU
		{3A503D2B-CC81-8169-407B-ADB31A63F405}.Debug|Any CPU.ActiveCfg = Debug|Any CPU
		{3A503D2B-CC81-8169-407B-ADB31A63F405}.Debug|Any CPU.Build.0 = Debug|Any CPU
		{3A503D2B-CC81-8169-407B-ADB31A63F405}.Release|Any CPU.ActiveCfg = Release|Any CPU
		{3A503D2B-CC81-8169-407B-ADB31A63F405}.Release|Any CPU.Build.0 = Release|Any CPU
	EndGlobalSection
	GlobalSection(SolutionProperties) = preSolution
		HideSolutionNode = FALSE
	EndGlobalSection
EndGlobal
